// !$*UTF8*$!
{
	archiveVersion = 1;
	classes = {
	};
	objectVersion = 50;
	objects = {

/* Begin PBXBuildFile section */
		22986219259BE686007D928B /* Tests_iOS.swift in Sources */ = {isa = PBXBuildFile; fileRef = 22986218259BE686007D928B /* Tests_iOS.swift */; };
		22986224259BE686007D928B /* Tests_macOS.swift in Sources */ = {isa = PBXBuildFile; fileRef = 22986223259BE686007D928B /* Tests_macOS.swift */; };
		22986226259BE686007D928B /* DateFormatterApp.swift in Sources */ = {isa = PBXBuildFile; fileRef = 229861FD259BE685007D928B /* DateFormatterApp.swift */; };
		22986227259BE686007D928B /* DateFormatterApp.swift in Sources */ = {isa = PBXBuildFile; fileRef = 229861FD259BE685007D928B /* DateFormatterApp.swift */; };
		22986228259BE686007D928B /* ContentView.swift in Sources */ = {isa = PBXBuildFile; fileRef = 229861FE259BE685007D928B /* ContentView.swift */; };
		22986229259BE686007D928B /* ContentView.swift in Sources */ = {isa = PBXBuildFile; fileRef = 229861FE259BE685007D928B /* ContentView.swift */; };
		2298622A259BE686007D928B /* Assets.xcassets in Resources */ = {isa = PBXBuildFile; fileRef = 229861FF259BE686007D928B /* Assets.xcassets */; };
		2298622B259BE686007D928B /* Assets.xcassets in Resources */ = {isa = PBXBuildFile; fileRef = 229861FF259BE686007D928B /* Assets.xcassets */; };
/* End PBXBuildFile section */

/* Begin PBXContainerItemProxy section */
		22986215259BE686007D928B /* PBXContainerItemProxy */ = {
			isa = PBXContainerItemProxy;
			containerPortal = 229861F8259BE685007D928B /* Project object */;
			proxyType = 1;
			remoteGlobalIDString = 22986203259BE686007D928B;
			remoteInfo = "DateFormatter (iOS)";
		};
		22986220259BE686007D928B /* PBXContainerItemProxy */ = {
			isa = PBXContainerItemProxy;
			containerPortal = 229861F8259BE685007D928B /* Project object */;
			proxyType = 1;
			remoteGlobalIDString = 2298620B259BE686007D928B;
			remoteInfo = "DateFormatter (macOS)";
		};
/* End PBXContainerItemProxy section */

/* Begin PBXFileReference section */
		229861FD259BE685007D928B /* DateFormatterApp.swift */ = {isa = PBXFileReference; lastKnownFileType = sourcecode.swift; path = DateFormatterApp.swift; sourceTree = "<group>"; };
		229861FE259BE685007D928B /* ContentView.swift */ = {isa = PBXFileReference; lastKnownFileType = sourcecode.swift; path = ContentView.swift; sourceTree = "<group>"; };
		229861FF259BE686007D928B /* Assets.xcassets */ = {isa = PBXFileReference; lastKnownFileType = folder.assetcatalog; path = Assets.xcassets; sourceTree = "<group>"; };
		22986204259BE686007D928B /* DateFormatter.app */ = {isa = PBXFileReference; explicitFileType = wrapper.application; includeInIndex = 0; path = DateFormatter.app; sourceTree = BUILT_PRODUCTS_DIR; };
		22986207259BE686007D928B /* Info.plist */ = {isa = PBXFileReference; lastKnownFileType = text.plist.xml; path = Info.plist; sourceTree = "<group>"; };
		2298620C259BE686007D928B /* DateFormatter.app */ = {isa = PBXFileReference; explicitFileType = wrapper.application; includeInIndex = 0; path = DateFormatter.app; sourceTree = BUILT_PRODUCTS_DIR; };
		2298620E259BE686007D928B /* Info.plist */ = {isa = PBXFileReference; lastKnownFileType = text.plist.xml; path = Info.plist; sourceTree = "<group>"; };
		2298620F259BE686007D928B /* macOS.entitlements */ = {isa = PBXFileReference; lastKnownFileType = text.plist.entitlements; path = macOS.entitlements; sourceTree = "<group>"; };
		22986214259BE686007D928B /* Tests iOS.xctest */ = {isa = PBXFileReference; explicitFileType = wrapper.cfbundle; includeInIndex = 0; path = "Tests iOS.xctest"; sourceTree = BUILT_PRODUCTS_DIR; };
		22986218259BE686007D928B /* Tests_iOS.swift */ = {isa = PBXFileReference; lastKnownFileType = sourcecode.swift; path = Tests_iOS.swift; sourceTree = "<group>"; };
		2298621A259BE686007D928B /* Info.plist */ = {isa = PBXFileReference; lastKnownFileType = text.plist.xml; path = Info.plist; sourceTree = "<group>"; };
		2298621F259BE686007D928B /* Tests macOS.xctest */ = {isa = PBXFileReference; explicitFileType = wrapper.cfbundle; includeInIndex = 0; path = "Tests macOS.xctest"; sourceTree = BUILT_PRODUCTS_DIR; };
		22986223259BE686007D928B /* Tests_macOS.swift */ = {isa = PBXFileReference; lastKnownFileType = sourcecode.swift; path = Tests_macOS.swift; sourceTree = "<group>"; };
		22986225259BE686007D928B /* Info.plist */ = {isa = PBXFileReference; lastKnownFileType = text.plist.xml; path = Info.plist; sourceTree = "<group>"; };
/* End PBXFileReference section */

/* Begin PBXFrameworksBuildPhase section */
		22986201259BE686007D928B /* Frameworks */ = {
			isa = PBXFrameworksBuildPhase;
			buildActionMask = 2147483647;
			files = (
			);
			runOnlyForDeploymentPostprocessing = 0;
		};
		22986209259BE686007D928B /* Frameworks */ = {
			isa = PBXFrameworksBuildPhase;
			buildActionMask = 2147483647;
			files = (
			);
			runOnlyForDeploymentPostprocessing = 0;
		};
		22986211259BE686007D928B /* Frameworks */ = {
			isa = PBXFrameworksBuildPhase;
			buildActionMask = 2147483647;
			files = (
			);
			runOnlyForDeploymentPostprocessing = 0;
		};
		2298621C259BE686007D928B /* Frameworks */ = {
			isa = PBXFrameworksBuildPhase;
			buildActionMask = 2147483647;
			files = (
			);
			runOnlyForDeploymentPostprocessing = 0;
		};
/* End PBXFrameworksBuildPhase section */

/* Begin PBXGroup section */
		229861F7259BE685007D928B = {
			isa = PBXGroup;
			children = (
				229861FC259BE685007D928B /* Shared */,
				22986206259BE686007D928B /* iOS */,
				2298620D259BE686007D928B /* macOS */,
				22986217259BE686007D928B /* Tests iOS */,
				22986222259BE686007D928B /* Tests macOS */,
				22986205259BE686007D928B /* Products */,
			);
			sourceTree = "<group>";
		};
		229861FC259BE685007D928B /* Shared */ = {
			isa = PBXGroup;
			children = (
				229861FD259BE685007D928B /* DateFormatterApp.swift */,
				229861FE259BE685007D928B /* ContentView.swift */,
				229861FF259BE686007D928B /* Assets.xcassets */,
			);
			path = Shared;
			sourceTree = "<group>";
		};
		22986205259BE686007D928B /* Products */ = {
			isa = PBXGroup;
			children = (
				22986204259BE686007D928B /* DateFormatter.app */,
				2298620C259BE686007D928B /* DateFormatter.app */,
				22986214259BE686007D928B /* Tests iOS.xctest */,
				2298621F259BE686007D928B /* Tests macOS.xctest */,
			);
			name = Products;
			sourceTree = "<group>";
		};
		22986206259BE686007D928B /* iOS */ = {
			isa = PBXGroup;
			children = (
				22986207259BE686007D928B /* Info.plist */,
			);
			path = iOS;
			sourceTree = "<group>";
		};
		2298620D259BE686007D928B /* macOS */ = {
			isa = PBXGroup;
			children = (
				2298620E259BE686007D928B /* Info.plist */,
				2298620F259BE686007D928B /* macOS.entitlements */,
			);
			path = macOS;
			sourceTree = "<group>";
		};
		22986217259BE686007D928B /* Tests iOS */ = {
			isa = PBXGroup;
			children = (
				22986218259BE686007D928B /* Tests_iOS.swift */,
				2298621A259BE686007D928B /* Info.plist */,
			);
			path = "Tests iOS";
			sourceTree = "<group>";
		};
		22986222259BE686007D928B /* Tests macOS */ = {
			isa = PBXGroup;
			children = (
				22986223259BE686007D928B /* Tests_macOS.swift */,
				22986225259BE686007D928B /* Info.plist */,
			);
			path = "Tests macOS";
			sourceTree = "<group>";
		};
/* End PBXGroup section */

/* Begin PBXNativeTarget section */
		22986203259BE686007D928B /* DateFormatter (iOS) */ = {
			isa = PBXNativeTarget;
			buildConfigurationList = 2298622E259BE686007D928B /* Build configuration list for PBXNativeTarget "DateFormatter (iOS)" */;
			buildPhases = (
				22986200259BE686007D928B /* Sources */,
				22986201259BE686007D928B /* Frameworks */,
				22986202259BE686007D928B /* Resources */,
			);
			buildRules = (
			);
			dependencies = (
			);
			name = "DateFormatter (iOS)";
			productName = "DateFormatter (iOS)";
			productReference = 22986204259BE686007D928B /* DateFormatter.app */;
			productType = "com.apple.product-type.application";
		};
		2298620B259BE686007D928B /* DateFormatter (macOS) */ = {
			isa = PBXNativeTarget;
			buildConfigurationList = 22986231259BE686007D928B /* Build configuration list for PBXNativeTarget "DateFormatter (macOS)" */;
			buildPhases = (
				22986208259BE686007D928B /* Sources */,
				22986209259BE686007D928B /* Frameworks */,
				2298620A259BE686007D928B /* Resources */,
			);
			buildRules = (
			);
			dependencies = (
			);
			name = "DateFormatter (macOS)";
			productName = "DateFormatter (macOS)";
			productReference = 2298620C259BE686007D928B /* DateFormatter.app */;
			productType = "com.apple.product-type.application";
		};
		22986213259BE686007D928B /* Tests iOS */ = {
			isa = PBXNativeTarget;
			buildConfigurationList = 22986234259BE686007D928B /* Build configuration list for PBXNativeTarget "Tests iOS" */;
			buildPhases = (
				22986210259BE686007D928B /* Sources */,
				22986211259BE686007D928B /* Frameworks */,
				22986212259BE686007D928B /* Resources */,
			);
			buildRules = (
			);
			dependencies = (
				22986216259BE686007D928B /* PBXTargetDependency */,
			);
			name = "Tests iOS";
			productName = "Tests iOS";
			productReference = 22986214259BE686007D928B /* Tests iOS.xctest */;
			productType = "com.apple.product-type.bundle.ui-testing";
		};
		2298621E259BE686007D928B /* Tests macOS */ = {
			isa = PBXNativeTarget;
			buildConfigurationList = 22986237259BE686007D928B /* Build configuration list for PBXNativeTarget "Tests macOS" */;
			buildPhases = (
				2298621B259BE686007D928B /* Sources */,
				2298621C259BE686007D928B /* Frameworks */,
				2298621D259BE686007D928B /* Resources */,
			);
			buildRules = (
			);
			dependencies = (
				22986221259BE686007D928B /* PBXTargetDependency */,
			);
			name = "Tests macOS";
			productName = "Tests macOS";
			productReference = 2298621F259BE686007D928B /* Tests macOS.xctest */;
			productType = "com.apple.product-type.bundle.ui-testing";
		};
/* End PBXNativeTarget section */

/* Begin PBXProject section */
		229861F8259BE685007D928B /* Project object */ = {
			isa = PBXProject;
			attributes = {
				LastSwiftUpdateCheck = 1230;
				LastUpgradeCheck = 1230;
				TargetAttributes = {
					22986203259BE686007D928B = {
						CreatedOnToolsVersion = 12.3;
					};
					2298620B259BE686007D928B = {
						CreatedOnToolsVersion = 12.3;
					};
					22986213259BE686007D928B = {
						CreatedOnToolsVersion = 12.3;
						TestTargetID = 22986203259BE686007D928B;
					};
					2298621E259BE686007D928B = {
						CreatedOnToolsVersion = 12.3;
						TestTargetID = 2298620B259BE686007D928B;
					};
				};
			};
			buildConfigurationList = 229861FB259BE685007D928B /* Build configuration list for PBXProject "DateFormatter" */;
			compatibilityVersion = "Xcode 9.3";
			developmentRegion = en;
			hasScannedForEncodings = 0;
			knownRegions = (
				en,
				Base,
			);
			mainGroup = 229861F7259BE685007D928B;
			productRefGroup = 22986205259BE686007D928B /* Products */;
			projectDirPath = "";
			projectRoot = "";
			targets = (
				22986203259BE686007D928B /* DateFormatter (iOS) */,
				2298620B259BE686007D928B /* DateFormatter (macOS) */,
				22986213259BE686007D928B /* Tests iOS */,
				2298621E259BE686007D928B /* Tests macOS */,
			);
		};
/* End PBXProject section */

/* Begin PBXResourcesBuildPhase section */
		22986202259BE686007D928B /* Resources */ = {
			isa = PBXResourcesBuildPhase;
			buildActionMask = 2147483647;
			files = (
				2298622A259BE686007D928B /* Assets.xcassets in Resources */,
			);
			runOnlyForDeploymentPostprocessing = 0;
		};
		2298620A259BE686007D928B /* Resources */ = {
			isa = PBXResourcesBuildPhase;
			buildActionMask = 2147483647;
			files = (
				2298622B259BE686007D928B /* Assets.xcassets in Resources */,
			);
			runOnlyForDeploymentPostprocessing = 0;
		};
		22986212259BE686007D928B /* Resources */ = {
			isa = PBXResourcesBuildPhase;
			buildActionMask = 2147483647;
			files = (
			);
			runOnlyForDeploymentPostprocessing = 0;
		};
		2298621D259BE686007D928B /* Resources */ = {
			isa = PBXResourcesBuildPhase;
			buildActionMask = 2147483647;
			files = (
			);
			runOnlyForDeploymentPostprocessing = 0;
		};
/* End PBXResourcesBuildPhase section */

/* Begin PBXSourcesBuildPhase section */
		22986200259BE686007D928B /* Sources */ = {
			isa = PBXSourcesBuildPhase;
			buildActionMask = 2147483647;
			files = (
				22986228259BE686007D928B /* ContentView.swift in Sources */,
				22986226259BE686007D928B /* DateFormatterApp.swift in Sources */,
			);
			runOnlyForDeploymentPostprocessing = 0;
		};
		22986208259BE686007D928B /* Sources */ = {
			isa = PBXSourcesBuildPhase;
			buildActionMask = 2147483647;
			files = (
				22986229259BE686007D928B /* ContentView.swift in Sources */,
				22986227259BE686007D928B /* DateFormatterApp.swift in Sources */,
			);
			runOnlyForDeploymentPostprocessing = 0;
		};
		22986210259BE686007D928B /* Sources */ = {
			isa = PBXSourcesBuildPhase;
			buildActionMask = 2147483647;
			files = (
				22986219259BE686007D928B /* Tests_iOS.swift in Sources */,
			);
			runOnlyForDeploymentPostprocessing = 0;
		};
		2298621B259BE686007D928B /* Sources */ = {
			isa = PBXSourcesBuildPhase;
			buildActionMask = 2147483647;
			files = (
				22986224259BE686007D928B /* Tests_macOS.swift in Sources */,
			);
			runOnlyForDeploymentPostprocessing = 0;
		};
/* End PBXSourcesBuildPhase section */

/* Begin PBXTargetDependency section */
		22986216259BE686007D928B /* PBXTargetDependency */ = {
			isa = PBXTargetDependency;
			target = 22986203259BE686007D928B /* DateFormatter (iOS) */;
			targetProxy = 22986215259BE686007D928B /* PBXContainerItemProxy */;
		};
		22986221259BE686007D928B /* PBXTargetDependency */ = {
			isa = PBXTargetDependency;
			target = 2298620B259BE686007D928B /* DateFormatter (macOS) */;
			targetProxy = 22986220259BE686007D928B /* PBXContainerItemProxy */;
		};
/* End PBXTargetDependency section */

/* Begin XCBuildConfiguration section */
		2298622C259BE686007D928B /* Debug */ = {
			isa = XCBuildConfiguration;
			buildSettings = {
				ALWAYS_SEARCH_USER_PATHS = NO;
				CLANG_ANALYZER_NONNULL = YES;
				CLANG_ANALYZER_NUMBER_OBJECT_CONVERSION = YES_AGGRESSIVE;
				CLANG_CXX_LANGUAGE_STANDARD = "gnu++14";
				CLANG_CXX_LIBRARY = "libc++";
				CLANG_ENABLE_MODULES = YES;
				CLANG_ENABLE_OBJC_ARC = YES;
				CLANG_ENABLE_OBJC_WEAK = YES;
				CLANG_WARN_BLOCK_CAPTURE_AUTORELEASING = YES;
				CLANG_WARN_BOOL_CONVERSION = YES;
				CLANG_WARN_COMMA = YES;
				CLANG_WARN_CONSTANT_CONVERSION = YES;
				CLANG_WARN_DEPRECATED_OBJC_IMPLEMENTATIONS = YES;
				CLANG_WARN_DIRECT_OBJC_ISA_USAGE = YES_ERROR;
				CLANG_WARN_DOCUMENTATION_COMMENTS = YES;
				CLANG_WARN_EMPTY_BODY = YES;
				CLANG_WARN_ENUM_CONVERSION = YES;
				CLANG_WARN_INFINITE_RECURSION = YES;
				CLANG_WARN_INT_CONVERSION = YES;
				CLANG_WARN_NON_LITERAL_NULL_CONVERSION = YES;
				CLANG_WARN_OBJC_IMPLICIT_RETAIN_SELF = YES;
				CLANG_WARN_OBJC_LITERAL_CONVERSION = YES;
				CLANG_WARN_OBJC_ROOT_CLASS = YES_ERROR;
				CLANG_WARN_QUOTED_INCLUDE_IN_FRAMEWORK_HEADER = YES;
				CLANG_WARN_RANGE_LOOP_ANALYSIS = YES;
				CLANG_WARN_STRICT_PROTOTYPES = YES;
				CLANG_WARN_SUSPICIOUS_MOVE = YES;
				CLANG_WARN_UNGUARDED_AVAILABILITY = YES_AGGRESSIVE;
				CLANG_WARN_UNREACHABLE_CODE = YES;
				CLANG_WARN__DUPLICATE_METHOD_MATCH = YES;
				COPY_PHASE_STRIP = NO;
				DEBUG_INFORMATION_FORMAT = dwarf;
				ENABLE_STRICT_OBJC_MSGSEND = YES;
				ENABLE_TESTABILITY = YES;
				GCC_C_LANGUAGE_STANDARD = gnu11;
				GCC_DYNAMIC_NO_PIC = NO;
				GCC_NO_COMMON_BLOCKS = YES;
				GCC_OPTIMIZATION_LEVEL = 0;
				GCC_PREPROCESSOR_DEFINITIONS = (
					"DEBUG=1",
					"$(inherited)",
				);
				GCC_WARN_64_TO_32_BIT_CONVERSION = YES;
				GCC_WARN_ABOUT_RETURN_TYPE = YES_ERROR;
				GCC_WARN_UNDECLARED_SELECTOR = YES;
				GCC_WARN_UNINITIALIZED_AUTOS = YES_AGGRESSIVE;
				GCC_WARN_UNUSED_FUNCTION = YES;
				GCC_WARN_UNUSED_VARIABLE = YES;
				MTL_ENABLE_DEBUG_INFO = INCLUDE_SOURCE;
				MTL_FAST_MATH = YES;
				ONLY_ACTIVE_ARCH = YES;
				SWIFT_ACTIVE_COMPILATION_CONDITIONS = DEBUG;
				SWIFT_OPTIMIZATION_LEVEL = "-Onone";
			};
			name = Debug;
		};
		2298622D259BE686007D928B /* Release */ = {
			isa = XCBuildConfiguration;
			buildSettings = {
				ALWAYS_SEARCH_USER_PATHS = NO;
				CLANG_ANALYZER_NONNULL = YES;
				CLANG_ANALYZER_NUMBER_OBJECT_CONVERSION = YES_AGGRESSIVE;
				CLANG_CXX_LANGUAGE_STANDARD = "gnu++14";
				CLANG_CXX_LIBRARY = "libc++";
				CLANG_ENABLE_MODULES = YES;
				CLANG_ENABLE_OBJC_ARC = YES;
				CLANG_ENABLE_OBJC_WEAK = YES;
				CLANG_WARN_BLOCK_CAPTURE_AUTORELEASING = YES;
				CLANG_WARN_BOOL_CONVERSION = YES;
				CLANG_WARN_COMMA = YES;
				CLANG_WARN_CONSTANT_CONVERSION = YES;
				CLANG_WARN_DEPRECATED_OBJC_IMPLEMENTATIONS = YES;
				CLANG_WARN_DIRECT_OBJC_ISA_USAGE = YES_ERROR;
				CLANG_WARN_DOCUMENTATION_COMMENTS = YES;
				CLANG_WARN_EMPTY_BODY = YES;
				CLANG_WARN_ENUM_CONVERSION = YES;
				CLANG_WARN_INFINITE_RECURSION = YES;
				CLANG_WARN_INT_CONVERSION = YES;
				CLANG_WARN_NON_LITERAL_NULL_CONVERSION = YES;
				CLANG_WARN_OBJC_IMPLICIT_RETAIN_SELF = YES;
				CLANG_WARN_OBJC_LITERAL_CONVERSION = YES;
				CLANG_WARN_OBJC_ROOT_CLASS = YES_ERROR;
				CLANG_WARN_QUOTED_INCLUDE_IN_FRAMEWORK_HEADER = YES;
				CLANG_WARN_RANGE_LOOP_ANALYSIS = YES;
				CLANG_WARN_STRICT_PROTOTYPES = YES;
				CLANG_WARN_SUSPICIOUS_MOVE = YES;
				CLANG_WARN_UNGUARDED_AVAILABILITY = YES_AGGRESSIVE;
				CLANG_WARN_UNREACHABLE_CODE = YES;
				CLANG_WARN__DUPLICATE_METHOD_MATCH = YES;
				COPY_PHASE_STRIP = NO;
				DEBUG_INFORMATION_FORMAT = "dwarf-with-dsym";
				ENABLE_NS_ASSERTIONS = NO;
				ENABLE_STRICT_OBJC_MSGSEND = YES;
				GCC_C_LANGUAGE_STANDARD = gnu11;
				GCC_NO_COMMON_BLOCKS = YES;
				GCC_WARN_64_TO_32_BIT_CONVERSION = YES;
				GCC_WARN_ABOUT_RETURN_TYPE = YES_ERROR;
				GCC_WARN_UNDECLARED_SELECTOR = YES;
				GCC_WARN_UNINITIALIZED_AUTOS = YES_AGGRESSIVE;
				GCC_WARN_UNUSED_FUNCTION = YES;
				GCC_WARN_UNUSED_VARIABLE = YES;
				MTL_ENABLE_DEBUG_INFO = NO;
				MTL_FAST_MATH = YES;
				SWIFT_COMPILATION_MODE = wholemodule;
				SWIFT_OPTIMIZATION_LEVEL = "-O";
			};
			name = Release;
		};
		2298622F259BE686007D928B /* Debug */ = {
			isa = XCBuildConfiguration;
			buildSettings = {
				ASSETCATALOG_COMPILER_APPICON_NAME = AppIcon;
				ASSETCATALOG_COMPILER_GLOBAL_ACCENT_COLOR_NAME = AccentColor;
				CODE_SIGN_STYLE = Automatic;
				DEVELOPMENT_TEAM = 9WZ2CJX799;
				ENABLE_PREVIEWS = YES;
				INFOPLIST_FILE = iOS/Info.plist;
				IPHONEOS_DEPLOYMENT_TARGET = 14.0;
				LD_RUNPATH_SEARCH_PATHS = (
					"$(inherited)",
					"@executable_path/Frameworks",
				);
				PRODUCT_BUNDLE_IDENTIFIER = io.designcode.DateFormatter;
				PRODUCT_NAME = DateFormatter;
				SDKROOT = iphoneos;
				SWIFT_VERSION = 5.0;
				TARGETED_DEVICE_FAMILY = "1,2";
			};
			name = Debug;
		};
		22986230259BE686007D928B /* Release */ = {
			isa = XCBuildConfiguration;
			buildSettings = {
				ASSETCATALOG_COMPILER_APPICON_NAME = AppIcon;
				ASSETCATALOG_COMPILER_GLOBAL_ACCENT_COLOR_NAME = AccentColor;
				CODE_SIGN_STYLE = Automatic;
				DEVELOPMENT_TEAM = 9WZ2CJX799;
				ENABLE_PREVIEWS = YES;
				INFOPLIST_FILE = iOS/Info.plist;
				IPHONEOS_DEPLOYMENT_TARGET = 14.0;
				LD_RUNPATH_SEARCH_PATHS = (
					"$(inherited)",
					"@executable_path/Frameworks",
				);
				PRODUCT_BUNDLE_IDENTIFIER = io.designcode.DateFormatter;
				PRODUCT_NAME = DateFormatter;
				SDKROOT = iphoneos;
				SWIFT_VERSION = 5.0;
				TARGETED_DEVICE_FAMILY = "1,2";
				VALIDATE_PRODUCT = YES;
			};
			name = Release;
		};
		22986232259BE686007D928B /* Debug */ = {
			isa = XCBuildConfiguration;
			buildSettings = {
				ASSETCATALOG_COMPILER_APPICON_NAME = AppIcon;
				ASSETCATALOG_COMPILER_GLOBAL_ACCENT_COLOR_NAME = AccentColor;
				CODE_SIGN_ENTITLEMENTS = macOS/macOS.entitlements;
				CODE_SIGN_STYLE = Automatic;
				COMBINE_HIDPI_IMAGES = YES;
				DEVELOPMENT_TEAM = 9WZ2CJX799;
				ENABLE_HARDENED_RUNTIME = YES;
				ENABLE_PREVIEWS = YES;
				INFOPLIST_FILE = macOS/Info.plist;
				LD_RUNPATH_SEARCH_PATHS = (
					"$(inherited)",
					"@executable_path/../Frameworks",
				);
				MACOSX_DEPLOYMENT_TARGET = 11.0;
				PRODUCT_BUNDLE_IDENTIFIER = io.designcode.DateFormatter;
				PRODUCT_NAME = DateFormatter;
				SDKROOT = macosx;
				SWIFT_VERSION = 5.0;
			};
			name = Debug;
		};
		22986233259BE686007D928B /* Release */ = {
			isa = XCBuildConfiguration;
			buildSettings = {
				ASSETCATALOG_COMPILER_APPICON_NAME = AppIcon;
				ASSETCATALOG_COMPILER_GLOBAL_ACCENT_COLOR_NAME = AccentColor;
				CODE_SIGN_ENTITLEMENTS = macOS/macOS.entitlements;
				CODE_SIGN_STYLE = Automatic;
				COMBINE_HIDPI_IMAGES = YES;
				DEVELOPMENT_TEAM = 9WZ2CJX799;
				ENABLE_HARDENED_RUNTIME = YES;
				ENABLE_PREVIEWS = YES;
				INFOPLIST_FILE = macOS/Info.plist;
				LD_RUNPATH_SEARCH_PATHS = (
					"$(inherited)",
					"@executable_path/../Frameworks",
				);
				MACOSX_DEPLOYMENT_TARGET = 11.0;
				PRODUCT_BUNDLE_IDENTIFIER = io.designcode.DateFormatter;
				PRODUCT_NAME = DateFormatter;
				SDKROOT = macosx;
				SWIFT_VERSION = 5.0;
			};
			name = Release;
		};
		22986235259BE686007D928B /* Debug */ = {
			isa = XCBuildConfiguration;
			buildSettings = {
				ALWAYS_EMBED_SWIFT_STANDARD_LIBRARIES = YES;
				CODE_SIGN_STYLE = Automatic;
				DEVELOPMENT_TEAM = 9WZ2CJX799;
				INFOPLIST_FILE = "Tests iOS/Info.plist";
				IPHONEOS_DEPLOYMENT_TARGET = 14.3;
				LD_RUNPATH_SEARCH_PATHS = (
					"$(inherited)",
					"@executable_path/Frameworks",
					"@loader_path/Frameworks",
				);
				PRODUCT_BUNDLE_IDENTIFIER = "io.designcode.Tests-iOS";
				PRODUCT_NAME = "$(TARGET_NAME)";
				SDKROOT = iphoneos;
				SWIFT_VERSION = 5.0;
				TARGETED_DEVICE_FAMILY = "1,2";
				TEST_TARGET_NAME = "DateFormatter (iOS)";
			};
			name = Debug;
		};
		22986236259BE686007D928B /* Release */ = {
			isa = XCBuildConfiguration;
			buildSettings = {
				ALWAYS_EMBED_SWIFT_STANDARD_LIBRARIES = YES;
				CODE_SIGN_STYLE = Automatic;
				DEVELOPMENT_TEAM = 9WZ2CJX799;
				INFOPLIST_FILE = "Tests iOS/Info.plist";
				IPHONEOS_DEPLOYMENT_TARGET = 14.3;
				LD_RUNPATH_SEARCH_PATHS = (
					"$(inherited)",
					"@executable_path/Frameworks",
					"@loader_path/Frameworks",
				);
				PRODUCT_BUNDLE_IDENTIFIER = "io.designcode.Tests-iOS";
				PRODUCT_NAME = "$(TARGET_NAME)";
				SDKROOT = iphoneos;
				SWIFT_VERSION = 5.0;
				TARGETED_DEVICE_FAMILY = "1,2";
				TEST_TARGET_NAME = "DateFormatter (iOS)";
				VALIDATE_PRODUCT = YES;
			};
			name = Release;
		};
		22986238259BE686007D928B /* Debug */ = {
			isa = XCBuildConfiguration;
			buildSettings = {
				ALWAYS_EMBED_SWIFT_STANDARD_LIBRARIES = YES;
				CODE_SIGN_STYLE = Automatic;
				COMBINE_HIDPI_IMAGES = YES;
				DEVELOPMENT_TEAM = 9WZ2CJX799;
				INFOPLIST_FILE = "Tests macOS/Info.plist";
				LD_RUNPATH_SEARCH_PATHS = (
					"$(inherited)",
					"@executable_path/../Frameworks",
					"@loader_path/../Frameworks",
				);
				MACOSX_DEPLOYMENT_TARGET = 11.1;
				PRODUCT_BUNDLE_IDENTIFIER = "io.designcode.Tests-macOS";
				PRODUCT_NAME = "$(TARGET_NAME)";
				SDKROOT = macosx;
				SWIFT_VERSION = 5.0;
				TEST_TARGET_NAME = "DateFormatter (macOS)";
			};
			name = Debug;
		};
		22986239259BE686007D928B /* Release */ = {
			isa = XCBuildConfiguration;
			buildSettings = {
				ALWAYS_EMBED_SWIFT_STANDARD_LIBRARIES = YES;
				CODE_SIGN_STYLE = Automatic;
				COMBINE_HIDPI_IMAGES = YES;
				DEVELOPMENT_TEAM = 9WZ2CJX799;
				INFOPLIST_FILE = "Tests macOS/Info.plist";
				LD_RUNPATH_SEARCH_PATHS = (
					"$(inherited)",
					"@executable_path/../Frameworks",
					"@loader_path/../Frameworks",
				);
				MACOSX_DEPLOYMENT_TARGET = 11.1;
				PRODUCT_BUNDLE_IDENTIFIER = "io.designcode.Tests-macOS";
				PRODUCT_NAME = "$(TARGET_NAME)";
				SDKROOT = macosx;
				SWIFT_VERSION = 5.0;
				TEST_TARGET_NAME = "DateFormatter (macOS)";
			};
			name = Release;
		};
/* End XCBuildConfiguration section */

/* Begin XCConfigurationList section */
		229861FB259BE685007D928B /* Build configuration list for PBXProject "DateFormatter" */ = {
			isa = XCConfigurationList;
			buildConfigurations = (
				2298622C259BE686007D928B /* Debug */,
				2298622D259BE686007D928B /* Release */,
			);
			defaultConfigurationIsVisible = 0;
			defaultConfigurationName = Release;
		};
		2298622E259BE686007D928B /* Build configuration list for PBXNativeTarget "DateFormatter (iOS)" */ = {
			isa = XCConfigurationList;
			buildConfigurations = (
				2298622F259BE686007D928B /* Debug */,
				22986230259BE686007D928B /* Release */,
			);
			defaultConfigurationIsVisible = 0;
			defaultConfigurationName = Release;
		};
		22986231259BE686007D928B /* Build configuration list for PBXNativeTarget "DateFormatter (macOS)" */ = {
			isa = XCConfigurationList;
			buildConfigurations = (
				22986232259BE686007D928B /* Debug */,
				22986233259BE686007D928B /* Release */,
			);
			defaultConfigurationIsVisible = 0;
			defaultConfigurationName = Release;
		};
		22986234259BE686007D928B /* Build configuration list for PBXNativeTarget "Tests iOS" */ = {
			isa = XCConfigurationList;
			buildConfigurations = (
				22986235259BE686007D928B /* Debug */,
				22986236259BE686007D928B /* Release */,
			);
			defaultConfigurationIsVisible = 0;
			defaultConfigurationName = Release;
		};
		22986237259BE686007D928B /* Build configuration list for PBXNativeTarget "Tests macOS" */ = {
			isa = XCConfigurationList;
			buildConfigurations = (
				22986238259BE686007D928B /* Debug */,
				22986239259BE686007D928B /* Release */,
			);
			defaultConfigurationIsVisible = 0;
			defaultConfigurationName = Release;
		};
/* End XCConfigurationList section */
	};
	rootObject = 229861F8259BE685007D928B /* Project object */;
}
