// !$*UTF8*$!
{
	archiveVersion = 1;
	classes = {
	};
	objectVersion = 50;
	objects = {

/* Begin PBXBuildFile section */
		A6D958742639FFBE00FB4142 /* Create_WidgetApp.swift in Sources */ = {isa = PBXBuildFile; fileRef = A6D958732639FFBE00FB4142 /* Create_WidgetApp.swift */; };
		A6D958762639FFBE00FB4142 /* ContentView.swift in Sources */ = {isa = PBXBuildFile; fileRef = A6D958752639FFBE00FB4142 /* ContentView.swift */; };
		A6D958782639FFC100FB4142 /* Assets.xcassets in Resources */ = {isa = PBXBuildFile; fileRef = A6D958772639FFC100FB4142 /* Assets.xcassets */; };
		A6D9587B2639FFC100FB4142 /* Preview Assets.xcassets in Resources */ = {isa = PBXBuildFile; fileRef = A6D9587A2639FFC100FB4142 /* Preview Assets.xcassets */; };
		A6D9588A2639FFD600FB4142 /* WidgetKit.framework in Frameworks */ = {isa = PBXBuildFile; fileRef = A6D958892639FFD600FB4142 /* WidgetKit.framework */; };
		A6D9588C2639FFD600FB4142 /* SwiftUI.framework in Frameworks */ = {isa = PBXBuildFile; fileRef = A6D9588B2639FFD600FB4142 /* SwiftUI.framework */; };
		A6D9588F2639FFD600FB4142 /* DemoWidget.swift in Sources */ = {isa = PBXBuildFile; fileRef = A6D9588E2639FFD600FB4142 /* DemoWidget.swift */; };
		A6D958912639FFD800FB4142 /* Assets.xcassets in Resources */ = {isa = PBXBuildFile; fileRef = A6D958902639FFD800FB4142 /* Assets.xcassets */; };
		A6D958952639FFD800FB4142 /* DemoWidgetExtension.appex in Embed App Extensions */ = {isa = PBXBuildFile; fileRef = A6D958872639FFD600FB4142 /* DemoWidgetExtension.appex */; settings = {ATTRIBUTES = (RemoveHeadersOnCopy, ); }; };
/* End PBXBuildFile section */

/* Begin PBXContainerItemProxy section */
		A6D958932639FFD800FB4142 /* PBXContainerItemProxy */ = {
			isa = PBXContainerItemProxy;
			containerPortal = A6D958682639FFBE00FB4142 /* Project object */;
			proxyType = 1;
			remoteGlobalIDString = A6D958862639FFD600FB4142;
			remoteInfo = DemoWidgetExtension;
		};
/* End PBXContainerItemProxy section */

/* Begin PBXCopyFilesBuildPhase section */
		A6D958992639FFD800FB4142 /* Embed App Extensions */ = {
			isa = PBXCopyFilesBuildPhase;
			buildActionMask = 2147483647;
			dstPath = "";
			dstSubfolderSpec = 13;
			files = (
				A6D958952639FFD800FB4142 /* DemoWidgetExtension.appex in Embed App Extensions */,
			);
			name = "Embed App Extensions";
			runOnlyForDeploymentPostprocessing = 0;
		};
/* End PBXCopyFilesBuildPhase section */

/* Begin PBXFileReference section */
		A6D958702639FFBE00FB4142 /* Create Widget.app */ = {isa = PBXFileReference; explicitFileType = wrapper.application; includeInIndex = 0; path = "Create Widget.app"; sourceTree = BUILT_PRODUCTS_DIR; };
		A6D958732639FFBE00FB4142 /* Create_WidgetApp.swift */ = {isa = PBXFileReference; lastKnownFileType = sourcecode.swift; path = Create_WidgetApp.swift; sourceTree = "<group>"; };
		A6D958752639FFBE00FB4142 /* ContentView.swift */ = {isa = PBXFileReference; lastKnownFileType = sourcecode.swift; path = ContentView.swift; sourceTree = "<group>"; };
		A6D958772639FFC100FB4142 /* Assets.xcassets */ = {isa = PBXFileReference; lastKnownFileType = folder.assetcatalog; path = Assets.xcassets; sourceTree = "<group>"; };
		A6D9587A2639FFC100FB4142 /* Preview Assets.xcassets */ = {isa = PBXFileReference; lastKnownFileType = folder.assetcatalog; path = "Preview Assets.xcassets"; sourceTree = "<group>"; };
		A6D9587C2639FFC100FB4142 /* Info.plist */ = {isa = PBXFileReference; lastKnownFileType = text.plist.xml; path = Info.plist; sourceTree = "<group>"; };
		A6D958872639FFD600FB4142 /* DemoWidgetExtension.appex */ = {isa = PBXFileReference; explicitFileType = "wrapper.app-extension"; includeInIndex = 0; path = DemoWidgetExtension.appex; sourceTree = BUILT_PRODUCTS_DIR; };
		A6D958892639FFD600FB4142 /* WidgetKit.framework */ = {isa = PBXFileReference; lastKnownFileType = wrapper.framework; name = WidgetKit.framework; path = System/Library/Frameworks/WidgetKit.framework; sourceTree = SDKROOT; };
		A6D9588B2639FFD600FB4142 /* SwiftUI.framework */ = {isa = PBXFileReference; lastKnownFileType = wrapper.framework; name = SwiftUI.framework; path = System/Library/Frameworks/SwiftUI.framework; sourceTree = SDKROOT; };
		A6D9588E2639FFD600FB4142 /* DemoWidget.swift */ = {isa = PBXFileReference; lastKnownFileType = sourcecode.swift; path = DemoWidget.swift; sourceTree = "<group>"; };
		A6D958902639FFD800FB4142 /* Assets.xcassets */ = {isa = PBXFileReference; lastKnownFileType = folder.assetcatalog; path = Assets.xcassets; sourceTree = "<group>"; };
		A6D958922639FFD800FB4142 /* Info.plist */ = {isa = PBXFileReference; lastKnownFileType = text.plist.xml; path = Info.plist; sourceTree = "<group>"; };
/* End PBXFileReference section */

/* Begin PBXFrameworksBuildPhase section */
		A6D9586D2639FFBE00FB4142 /* Frameworks */ = {
			isa = PBXFrameworksBuildPhase;
			buildActionMask = 2147483647;
			files = (
			);
			runOnlyForDeploymentPostprocessing = 0;
		};
		A6D958842639FFD600FB4142 /* Frameworks */ = {
			isa = PBXFrameworksBuildPhase;
			buildActionMask = 2147483647;
			files = (
				A6D9588C2639FFD600FB4142 /* SwiftUI.framework in Frameworks */,
				A6D9588A2639FFD600FB4142 /* WidgetKit.framework in Frameworks */,
			);
			runOnlyForDeploymentPostprocessing = 0;
		};
/* End PBXFrameworksBuildPhase section */

/* Begin PBXGroup section */
		A6D958672639FFBE00FB4142 = {
			isa = PBXGroup;
			children = (
				A6D958722639FFBE00FB4142 /* Create Widget */,
				A6D9588D2639FFD600FB4142 /* DemoWidget */,
				A6D958882639FFD600FB4142 /* Frameworks */,
				A6D958712639FFBE00FB4142 /* Products */,
			);
			sourceTree = "<group>";
		};
		A6D958712639FFBE00FB4142 /* Products */ = {
			isa = PBXGroup;
			children = (
				A6D958702639FFBE00FB4142 /* Create Widget.app */,
				A6D958872639FFD600FB4142 /* DemoWidgetExtension.appex */,
			);
			name = Products;
			sourceTree = "<group>";
		};
		A6D958722639FFBE00FB4142 /* Create Widget */ = {
			isa = PBXGroup;
			children = (
				A6D958732639FFBE00FB4142 /* Create_WidgetApp.swift */,
				A6D958752639FFBE00FB4142 /* ContentView.swift */,
				A6D958772639FFC100FB4142 /* Assets.xcassets */,
				A6D9587C2639FFC100FB4142 /* Info.plist */,
				A6D958792639FFC100FB4142 /* Preview Content */,
			);
			path = "Create Widget";
			sourceTree = "<group>";
		};
		A6D958792639FFC100FB4142 /* Preview Content */ = {
			isa = PBXGroup;
			children = (
				A6D9587A2639FFC100FB4142 /* Preview Assets.xcassets */,
			);
			path = "Preview Content";
			sourceTree = "<group>";
		};
		A6D958882639FFD600FB4142 /* Frameworks */ = {
			isa = PBXGroup;
			children = (
				A6D958892639FFD600FB4142 /* WidgetKit.framework */,
				A6D9588B2639FFD600FB4142 /* SwiftUI.framework */,
			);
			name = Frameworks;
			sourceTree = "<group>";
		};
		A6D9588D2639FFD600FB4142 /* DemoWidget */ = {
			isa = PBXGroup;
			children = (
				A6D9588E2639FFD600FB4142 /* DemoWidget.swift */,
				A6D958902639FFD800FB4142 /* Assets.xcassets */,
				A6D958922639FFD800FB4142 /* Info.plist */,
			);
			path = DemoWidget;
			sourceTree = "<group>";
		};
/* End PBXGroup section */

/* Begin PBXNativeTarget section */
		A6D9586F2639FFBE00FB4142 /* Create Widget */ = {
			isa = PBXNativeTarget;
			buildConfigurationList = A6D9587F2639FFC100FB4142 /* Build configuration list for PBXNativeTarget "Create Widget" */;
			buildPhases = (
				A6D9586C2639FFBE00FB4142 /* Sources */,
				A6D9586D2639FFBE00FB4142 /* Frameworks */,
				A6D9586E2639FFBE00FB4142 /* Resources */,
				A6D958992639FFD800FB4142 /* Embed App Extensions */,
			);
			buildRules = (
			);
			dependencies = (
				A6D958942639FFD800FB4142 /* PBXTargetDependency */,
			);
			name = "Create Widget";
			productName = "Create Widget";
			productReference = A6D958702639FFBE00FB4142 /* Create Widget.app */;
			productType = "com.apple.product-type.application";
		};
		A6D958862639FFD600FB4142 /* DemoWidgetExtension */ = {
			isa = PBXNativeTarget;
			buildConfigurationList = A6D958962639FFD800FB4142 /* Build configuration list for PBXNativeTarget "DemoWidgetExtension" */;
			buildPhases = (
				A6D958832639FFD600FB4142 /* Sources */,
				A6D958842639FFD600FB4142 /* Frameworks */,
				A6D958852639FFD600FB4142 /* Resources */,
			);
			buildRules = (
			);
			dependencies = (
			);
			name = DemoWidgetExtension;
			productName = DemoWidgetExtension;
			productReference = A6D958872639FFD600FB4142 /* DemoWidgetExtension.appex */;
			productType = "com.apple.product-type.app-extension";
		};
/* End PBXNativeTarget section */

/* Begin PBXProject section */
		A6D958682639FFBE00FB4142 /* Project object */ = {
			isa = PBXProject;
			attributes = {
				LastSwiftUpdateCheck = 1240;
				LastUpgradeCheck = 1240;
				TargetAttributes = {
					A6D9586F2639FFBE00FB4142 = {
						CreatedOnToolsVersion = 12.4;
					};
					A6D958862639FFD600FB4142 = {
						CreatedOnToolsVersion = 12.4;
					};
				};
			};
			buildConfigurationList = A6D9586B2639FFBE00FB4142 /* Build configuration list for PBXProject "Create Widget" */;
			compatibilityVersion = "Xcode 9.3";
			developmentRegion = en;
			hasScannedForEncodings = 0;
			knownRegions = (
				en,
				Base,
			);
			mainGroup = A6D958672639FFBE00FB4142;
			productRefGroup = A6D958712639FFBE00FB4142 /* Products */;
			projectDirPath = "";
			projectRoot = "";
			targets = (
				A6D9586F2639FFBE00FB4142 /* Create Widget */,
				A6D958862639FFD600FB4142 /* DemoWidgetExtension */,
			);
		};
/* End PBXProject section */

/* Begin PBXResourcesBuildPhase section */
		A6D9586E2639FFBE00FB4142 /* Resources */ = {
			isa = PBXResourcesBuildPhase;
			buildActionMask = 2147483647;
			files = (
				A6D9587B2639FFC100FB4142 /* Preview Assets.xcassets in Resources */,
				A6D958782639FFC100FB4142 /* Assets.xcassets in Resources */,
			);
			runOnlyForDeploymentPostprocessing = 0;
		};
		A6D958852639FFD600FB4142 /* Resources */ = {
			isa = PBXResourcesBuildPhase;
			buildActionMask = 2147483647;
			files = (
				A6D958912639FFD800FB4142 /* Assets.xcassets in Resources */,
			);
			runOnlyForDeploymentPostprocessing = 0;
		};
/* End PBXResourcesBuildPhase section */

/* Begin PBXSourcesBuildPhase section */
		A6D9586C2639FFBE00FB4142 /* Sources */ = {
			isa = PBXSourcesBuildPhase;
			buildActionMask = 2147483647;
			files = (
				A6D958762639FFBE00FB4142 /* ContentView.swift in Sources */,
				A6D958742639FFBE00FB4142 /* Create_WidgetApp.swift in Sources */,
			);
			runOnlyForDeploymentPostprocessing = 0;
		};
		A6D958832639FFD600FB4142 /* Sources */ = {
			isa = PBXSourcesBuildPhase;
			buildActionMask = 2147483647;
			files = (
				A6D9588F2639FFD600FB4142 /* DemoWidget.swift in Sources */,
			);
			runOnlyForDeploymentPostprocessing = 0;
		};
/* End PBXSourcesBuildPhase section */

/* Begin PBXTargetDependency section */
		A6D958942639FFD800FB4142 /* PBXTargetDependency */ = {
			isa = PBXTargetDependency;
			target = A6D958862639FFD600FB4142 /* DemoWidgetExtension */;
			targetProxy = A6D958932639FFD800FB4142 /* PBXContainerItemProxy */;
		};
/* End PBXTargetDependency section */

/* Begin XCBuildConfiguration section */
		A6D9587D2639FFC100FB4142 /* Debug */ = {
			isa = XCBuildConfiguration;
			buildSettings = {
				ALWAYS_SEARCH_USER_PATHS = NO;
				CLANG_ANALYZER_NONNULL = YES;
				CLANG_ANALYZER_NUMBER_OBJECT_CONVERSION = YES_AGGRESSIVE;
				CLANG_CXX_LANGUAGE_STANDARD = "gnu++14";
				CLANG_CXX_LIBRARY = "libc++";
				CLANG_ENABLE_MODULES = YES;
				CLANG_ENABLE_OBJC_ARC = YES;
				CLANG_ENABLE_OBJC_WEAK = YES;
				CLANG_WARN_BLOCK_CAPTURE_AUTORELEASING = YES;
				CLANG_WARN_BOOL_CONVERSION = YES;
				CLANG_WARN_COMMA = YES;
				CLANG_WARN_CONSTANT_CONVERSION = YES;
				CLANG_WARN_DEPRECATED_OBJC_IMPLEMENTATIONS = YES;
				CLANG_WARN_DIRECT_OBJC_ISA_USAGE = YES_ERROR;
				CLANG_WARN_DOCUMENTATION_COMMENTS = YES;
				CLANG_WARN_EMPTY_BODY = YES;
				CLANG_WARN_ENUM_CONVERSION = YES;
				CLANG_WARN_INFINITE_RECURSION = YES;
				CLANG_WARN_INT_CONVERSION = YES;
				CLANG_WARN_NON_LITERAL_NULL_CONVERSION = YES;
				CLANG_WARN_OBJC_IMPLICIT_RETAIN_SELF = YES;
				CLANG_WARN_OBJC_LITERAL_CONVERSION = YES;
				CLANG_WARN_OBJC_ROOT_CLASS = YES_ERROR;
				CLANG_WARN_QUOTED_INCLUDE_IN_FRAMEWORK_HEADER = YES;
				CLANG_WARN_RANGE_LOOP_ANALYSIS = YES;
				CLANG_WARN_STRICT_PROTOTYPES = YES;
				CLANG_WARN_SUSPICIOUS_MOVE = YES;
				CLANG_WARN_UNGUARDED_AVAILABILITY = YES_AGGRESSIVE;
				CLANG_WARN_UNREACHABLE_CODE = YES;
				CLANG_WARN__DUPLICATE_METHOD_MATCH = YES;
				COPY_PHASE_STRIP = NO;
				DEBUG_INFORMATION_FORMAT = dwarf;
				ENABLE_STRICT_OBJC_MSGSEND = YES;
				ENABLE_TESTABILITY = YES;
				GCC_C_LANGUAGE_STANDARD = gnu11;
				GCC_DYNAMIC_NO_PIC = NO;
				GCC_NO_COMMON_BLOCKS = YES;
				GCC_OPTIMIZATION_LEVEL = 0;
				GCC_PREPROCESSOR_DEFINITIONS = (
					"DEBUG=1",
					"$(inherited)",
				);
				GCC_WARN_64_TO_32_BIT_CONVERSION = YES;
				GCC_WARN_ABOUT_RETURN_TYPE = YES_ERROR;
				GCC_WARN_UNDECLARED_SELECTOR = YES;
				GCC_WARN_UNINITIALIZED_AUTOS = YES_AGGRESSIVE;
				GCC_WARN_UNUSED_FUNCTION = YES;
				GCC_WARN_UNUSED_VARIABLE = YES;
				IPHONEOS_DEPLOYMENT_TARGET = 14.4;
				MTL_ENABLE_DEBUG_INFO = INCLUDE_SOURCE;
				MTL_FAST_MATH = YES;
				ONLY_ACTIVE_ARCH = YES;
				SDKROOT = iphoneos;
				SWIFT_ACTIVE_COMPILATION_CONDITIONS = DEBUG;
				SWIFT_OPTIMIZATION_LEVEL = "-Onone";
			};
			name = Debug;
		};
		A6D9587E2639FFC100FB4142 /* Release */ = {
			isa = XCBuildConfiguration;
			buildSettings = {
				ALWAYS_SEARCH_USER_PATHS = NO;
				CLANG_ANALYZER_NONNULL = YES;
				CLANG_ANALYZER_NUMBER_OBJECT_CONVERSION = YES_AGGRESSIVE;
				CLANG_CXX_LANGUAGE_STANDARD = "gnu++14";
				CLANG_CXX_LIBRARY = "libc++";
				CLANG_ENABLE_MODULES = YES;
				CLANG_ENABLE_OBJC_ARC = YES;
				CLANG_ENABLE_OBJC_WEAK = YES;
				CLANG_WARN_BLOCK_CAPTURE_AUTORELEASING = YES;
				CLANG_WARN_BOOL_CONVERSION = YES;
				CLANG_WARN_COMMA = YES;
				CLANG_WARN_CONSTANT_CONVERSION = YES;
				CLANG_WARN_DEPRECATED_OBJC_IMPLEMENTATIONS = YES;
				CLANG_WARN_DIRECT_OBJC_ISA_USAGE = YES_ERROR;
				CLANG_WARN_DOCUMENTATION_COMMENTS = YES;
				CLANG_WARN_EMPTY_BODY = YES;
				CLANG_WARN_ENUM_CONVERSION = YES;
				CLANG_WARN_INFINITE_RECURSION = YES;
				CLANG_WARN_INT_CONVERSION = YES;
				CLANG_WARN_NON_LITERAL_NULL_CONVERSION = YES;
				CLANG_WARN_OBJC_IMPLICIT_RETAIN_SELF = YES;
				CLANG_WARN_OBJC_LITERAL_CONVERSION = YES;
				CLANG_WARN_OBJC_ROOT_CLASS = YES_ERROR;
				CLANG_WARN_QUOTED_INCLUDE_IN_FRAMEWORK_HEADER = YES;
				CLANG_WARN_RANGE_LOOP_ANALYSIS = YES;
				CLANG_WARN_STRICT_PROTOTYPES = YES;
				CLANG_WARN_SUSPICIOUS_MOVE = YES;
				CLANG_WARN_UNGUARDED_AVAILABILITY = YES_AGGRESSIVE;
				CLANG_WARN_UNREACHABLE_CODE = YES;
				CLANG_WARN__DUPLICATE_METHOD_MATCH = YES;
				COPY_PHASE_STRIP = NO;
				DEBUG_INFORMATION_FORMAT = "dwarf-with-dsym";
				ENABLE_NS_ASSERTIONS = NO;
				ENABLE_STRICT_OBJC_MSGSEND = YES;
				GCC_C_LANGUAGE_STANDARD = gnu11;
				GCC_NO_COMMON_BLOCKS = YES;
				GCC_WARN_64_TO_32_BIT_CONVERSION = YES;
				GCC_WARN_ABOUT_RETURN_TYPE = YES_ERROR;
				GCC_WARN_UNDECLARED_SELECTOR = YES;
				GCC_WARN_UNINITIALIZED_AUTOS = YES_AGGRESSIVE;
				GCC_WARN_UNUSED_FUNCTION = YES;
				GCC_WARN_UNUSED_VARIABLE = YES;
				IPHONEOS_DEPLOYMENT_TARGET = 14.4;
				MTL_ENABLE_DEBUG_INFO = NO;
				MTL_FAST_MATH = YES;
				SDKROOT = iphoneos;
				SWIFT_COMPILATION_MODE = wholemodule;
				SWIFT_OPTIMIZATION_LEVEL = "-O";
				VALIDATE_PRODUCT = YES;
			};
			name = Release;
		};
		A6D958802639FFC100FB4142 /* Debug */ = {
			isa = XCBuildConfiguration;
			buildSettings = {
				ALWAYS_EMBED_SWIFT_STANDARD_LIBRARIES = YES;
				ASSETCATALOG_COMPILER_APPICON_NAME = AppIcon;
				ASSETCATALOG_COMPILER_GLOBAL_ACCENT_COLOR_NAME = AccentColor;
				CODE_SIGN_STYLE = Automatic;
				DEVELOPMENT_ASSET_PATHS = "\"Create Widget/Preview Content\"";
				DEVELOPMENT_TEAM = 68WS2M23VC;
				ENABLE_PREVIEWS = YES;
				INFOPLIST_FILE = "Create Widget/Info.plist";
				IPHONEOS_DEPLOYMENT_TARGET = 14.0;
				LD_RUNPATH_SEARCH_PATHS = (
					"$(inherited)",
					"@executable_path/Frameworks",
				);
				PRODUCT_BUNDLE_IDENTIFIER = "com.designcode.Create-Widget";
				PRODUCT_NAME = "$(TARGET_NAME)";
				SWIFT_VERSION = 5.0;
				TARGETED_DEVICE_FAMILY = "1,2";
			};
			name = Debug;
		};
		A6D958812639FFC100FB4142 /* Release */ = {
			isa = XCBuildConfiguration;
			buildSettings = {
				ALWAYS_EMBED_SWIFT_STANDARD_LIBRARIES = YES;
				ASSETCATALOG_COMPILER_APPICON_NAME = AppIcon;
				ASSETCATALOG_COMPILER_GLOBAL_ACCENT_COLOR_NAME = AccentColor;
				CODE_SIGN_STYLE = Automatic;
				DEVELOPMENT_ASSET_PATHS = "\"Create Widget/Preview Content\"";
				DEVELOPMENT_TEAM = 68WS2M23VC;
				ENABLE_PREVIEWS = YES;
				INFOPLIST_FILE = "Create Widget/Info.plist";
				IPHONEOS_DEPLOYMENT_TARGET = 14.0;
				LD_RUNPATH_SEARCH_PATHS = (
					"$(inherited)",
					"@executable_path/Frameworks",
				);
				PRODUCT_BUNDLE_IDENTIFIER = "com.designcode.Create-Widget";
				PRODUCT_NAME = "$(TARGET_NAME)";
				SWIFT_VERSION = 5.0;
				TARGETED_DEVICE_FAMILY = "1,2";
			};
			name = Release;
		};
		A6D958972639FFD800FB4142 /* Debug */ = {
			isa = XCBuildConfiguration;
			buildSettings = {
				ASSETCATALOG_COMPILER_GLOBAL_ACCENT_COLOR_NAME = AccentColor;
				ASSETCATALOG_COMPILER_WIDGET_BACKGROUND_COLOR_NAME = WidgetBackground;
				CODE_SIGN_STYLE = Automatic;
				DEVELOPMENT_TEAM = 68WS2M23VC;
				INFOPLIST_FILE = DemoWidget/Info.plist;
				LD_RUNPATH_SEARCH_PATHS = (
					"$(inherited)",
					"@executable_path/Frameworks",
					"@executable_path/../../Frameworks",
				);
				PRODUCT_BUNDLE_IDENTIFIER = "com.designcode.Create-Widget.DemoWidget";
				PRODUCT_NAME = "$(TARGET_NAME)";
				SKIP_INSTALL = YES;
				SWIFT_VERSION = 5.0;
				TARGETED_DEVICE_FAMILY = "1,2";
			};
			name = Debug;
		};
		A6D958982639FFD800FB4142 /* Release */ = {
			isa = XCBuildConfiguration;
			buildSettings = {
				ASSETCATALOG_COMPILER_GLOBAL_ACCENT_COLOR_NAME = AccentColor;
				ASSETCATALOG_COMPILER_WIDGET_BACKGROUND_COLOR_NAME = WidgetBackground;
				CODE_SIGN_STYLE = Automatic;
				DEVELOPMENT_TEAM = 68WS2M23VC;
				INFOPLIST_FILE = DemoWidget/Info.plist;
				LD_RUNPATH_SEARCH_PATHS = (
					"$(inherited)",
					"@executable_path/Frameworks",
					"@executable_path/../../Frameworks",
				);
				PRODUCT_BUNDLE_IDENTIFIER = "com.designcode.Create-Widget.DemoWidget";
				PRODUCT_NAME = "$(TARGET_NAME)";
				SKIP_INSTALL = YES;
				SWIFT_VERSION = 5.0;
				TARGETED_DEVICE_FAMILY = "1,2";
			};
			name = Release;
		};
/* End XCBuildConfiguration section */

/* Begin XCConfigurationList section */
		A6D9586B2639FFBE00FB4142 /* Build configuration list for PBXProject "Create Widget" */ = {
			isa = XCConfigurationList;
			buildConfigurations = (
				A6D9587D2639FFC100FB4142 /* Debug */,
				A6D9587E2639FFC100FB4142 /* Release */,
			);
			defaultConfigurationIsVisible = 0;
			defaultConfigurationName = Release;
		};
		A6D9587F2639FFC100FB4142 /* Build configuration list for PBXNativeTarget "Create Widget" */ = {
			isa = XCConfigurationList;
			buildConfigurations = (
				A6D958802639FFC100FB4142 /* Debug */,
				A6D958812639FFC100FB4142 /* Release */,
			);
			defaultConfigurationIsVisible = 0;
			defaultConfigurationName = Release;
		};
		A6D958962639FFD800FB4142 /* Build configuration list for PBXNativeTarget "DemoWidgetExtension" */ = {
			isa = XCConfigurationList;
			buildConfigurations = (
				A6D958972639FFD800FB4142 /* Debug */,
				A6D958982639FFD800FB4142 /* Release */,
			);
			defaultConfigurationIsVisible = 0;
			defaultConfigurationName = Release;
		};
/* End XCConfigurationList section */
	};
	rootObject = A6D958682639FFBE00FB4142 /* Project object */;
}
